
Microsoft Visual Studio Solution File, Format Version 12.00
# Visual Studio Version 17
VisualStudioVersion = 17.8.34525.116
MinimumVisualStudioVersion = 10.0.40219.1
Project("{9A19103F-16F7-4668-BE54-9A1E7A4F7556}") = "PlataformaVirtual", "PlataformaVirtual\PlataformaVirtual.csproj", "{64D2A98E-4214-41AC-85B0-A6FDE8DD915A}"
EndProject
Project("{2150E333-8FDC-42A3-9474-1A3956D46DE8}") = "Presentation", "Presentation", "{4B45D22A-1E69-4BBB-88B9-7C1B0F531A93}"
EndProject
Project("{2150E333-8FDC-42A3-9474-1A3956D46DE8}") = "WebApi", "WebApi", "{A798E0DE-38D6-4D59-941C-D12B38CD1F45}"
EndProject
Project("{2150E333-8FDC-42A3-9474-1A3956D46DE8}") = "Core", "Core", "{AA37DAB7-DC6E-47C7-B88B-D6D03934FBFB}"
EndProject
Project("{2150E333-8FDC-42A3-9474-1A3956D46DE8}") = "Source", "Source", "{FE5CC9DB-D72C-412C-8DAC-F7C311809B11}"
EndProject
Project("{2150E333-8FDC-42A3-9474-1A3956D46DE8}") = "Infraestructure", "Infraestructure", "{440B0A72-57A3-4637-AE96-C09268BDBF80}"
EndProject
Project("{9A19103F-16F7-4668-BE54-9A1E7A4F7556}") = "Domain", "Domain\Domain.csproj", "{3DBF29A6-0210-4E58-B093-05BB1AFEFB5C}"
EndProject
Project("{9A19103F-16F7-4668-BE54-9A1E7A4F7556}") = "Application", "Application\Application.csproj", "{F03FBC9E-0324-449A-912B-2E485FBE870F}"
EndProject
Project("{9A19103F-16F7-4668-BE54-9A1E7A4F7556}") = "Infraestructure.Persistence", "Persistence\Infraestructure.Persistence.csproj", "{AD87529B-90E0-4458-B947-BB1B3B5A10F2}"
EndProject
Project("{2150E333-8FDC-42A3-9474-1A3956D46DE8}") = "Tests", "Tests", "{9EE27D5F-F351-4526-A150-4B4658A11328}"
EndProject
Project("{FAE04EC0-301F-11D3-BF4B-00C04F79EFBC}") = "TestPlataformaVirtual", "TestPlataformaVirtual\TestPlataformaVirtual.csproj", "{91202605-86BD-446A-8FFE-24B57AFC90A4}"
EndProject
Global
	GlobalSection(SolutionConfigurationPlatforms) = preSolution
		Debug|Any CPU = Debug|Any CPU
		Release|Any CPU = Release|Any CPU
	EndGlobalSection
	GlobalSection(ProjectConfigurationPlatforms) = postSolution
		{64D2A98E-4214-41AC-85B0-A6FDE8DD915A}.Debug|Any CPU.ActiveCfg = Debug|Any CPU
		{64D2A98E-4214-41AC-85B0-A6FDE8DD915A}.Debug|Any CPU.Build.0 = Debug|Any CPU
		{64D2A98E-4214-41AC-85B0-A6FDE8DD915A}.Release|Any CPU.ActiveCfg = Release|Any CPU
		{64D2A98E-4214-41AC-85B0-A6FDE8DD915A}.Release|Any CPU.Build.0 = Release|Any CPU
		{3DBF29A6-0210-4E58-B093-05BB1AFEFB5C}.Debug|Any CPU.ActiveCfg = Debug|Any CPU
		{3DBF29A6-0210-4E58-B093-05BB1AFEFB5C}.Debug|Any CPU.Build.0 = Debug|Any CPU
		{3DBF29A6-0210-4E58-B093-05BB1AFEFB5C}.Release|Any CPU.ActiveCfg = Release|Any CPU
		{3DBF29A6-0210-4E58-B093-05BB1AFEFB5C}.Release|Any CPU.Build.0 = Release|Any CPU
		{F03FBC9E-0324-449A-912B-2E485FBE870F}.Debug|Any CPU.ActiveCfg = Debug|Any CPU
		{F03FBC9E-0324-449A-912B-2E485FBE870F}.Debug|Any CPU.Build.0 = Debug|Any CPU
		{F03FBC9E-0324-449A-912B-2E485FBE870F}.Release|Any CPU.ActiveCfg = Release|Any CPU
		{F03FBC9E-0324-449A-912B-2E485FBE870F}.Release|Any CPU.Build.0 = Release|Any CPU
		{AD87529B-90E0-4458-B947-BB1B3B5A10F2}.Debug|Any CPU.ActiveCfg = Debug|Any CPU
		{AD87529B-90E0-4458-B947-BB1B3B5A10F2}.Debug|Any CPU.Build.0 = Debug|Any CPU
		{AD87529B-90E0-4458-B947-BB1B3B5A10F2}.Release|Any CPU.ActiveCfg = Release|Any CPU
		{AD87529B-90E0-4458-B947-BB1B3B5A10F2}.Release|Any CPU.Build.0 = Release|Any CPU
		{91202605-86BD-446A-8FFE-24B57AFC90A4}.Debug|Any CPU.ActiveCfg = Debug|Any CPU
		{91202605-86BD-446A-8FFE-24B57AFC90A4}.Debug|Any CPU.Build.0 = Debug|Any CPU
		{91202605-86BD-446A-8FFE-24B57AFC90A4}.Release|Any CPU.ActiveCfg = Release|Any CPU
		{91202605-86BD-446A-8FFE-24B57AFC90A4}.Release|Any CPU.Build.0 = Release|Any CPU
	EndGlobalSection
	GlobalSection(SolutionProperties) = preSolution
		HideSolutionNode = FALSE
	EndGlobalSection
	GlobalSection(NestedProjects) = preSolution
		{64D2A98E-4214-41AC-85B0-A6FDE8DD915A} = {A798E0DE-38D6-4D59-941C-D12B38CD1F45}
		{4B45D22A-1E69-4BBB-88B9-7C1B0F531A93} = {FE5CC9DB-D72C-412C-8DAC-F7C311809B11}
		{A798E0DE-38D6-4D59-941C-D12B38CD1F45} = {4B45D22A-1E69-4BBB-88B9-7C1B0F531A93}
		{AA37DAB7-DC6E-47C7-B88B-D6D03934FBFB} = {FE5CC9DB-D72C-412C-8DAC-F7C311809B11}
		{440B0A72-57A3-4637-AE96-C09268BDBF80} = {FE5CC9DB-D72C-412C-8DAC-F7C311809B11}
		{3DBF29A6-0210-4E58-B093-05BB1AFEFB5C} = {AA37DAB7-DC6E-47C7-B88B-D6D03934FBFB}
		{F03FBC9E-0324-449A-912B-2E485FBE870F} = {AA37DAB7-DC6E-47C7-B88B-D6D03934FBFB}
		{AD87529B-90E0-4458-B947-BB1B3B5A10F2} = {440B0A72-57A3-4637-AE96-C09268BDBF80}
		{9EE27D5F-F351-4526-A150-4B4658A11328} = {FE5CC9DB-D72C-412C-8DAC-F7C311809B11}
		{91202605-86BD-446A-8FFE-24B57AFC90A4} = {9EE27D5F-F351-4526-A150-4B4658A11328}
	EndGlobalSection
	GlobalSection(ExtensibilityGlobals) = postSolution
		SolutionGuid = {541B59AA-2356-4290-847F-73651B750711}
	EndGlobalSection
EndGlobal
